
Microsoft Visual Studio Solution File, Format Version 12.00
# Visual Studio Version 16
VisualStudioVersion = 16.0.30320.27
MinimumVisualStudioVersion = 10.0.40219.1
Project("{FAE04EC0-301F-11D3-BF4B-00C04F79EFBC}") = "DajMacha.Web", "DajMacha.Web.csproj", "{BD596695-FF85-4CC5-9EE5-EF941FAF3FCB}"
EndProject
Global
	GlobalSection(SolutionConfigurationPlatforms) = preSolution
		Debug|Any CPU = Debug|Any CPU
		Release|Any CPU = Release|Any CPU
	EndGlobalSection
	GlobalSection(ProjectConfigurationPlatforms) = postSolution
		{BD596695-FF85-4CC5-9EE5-EF941FAF3FCB}.Debug|Any CPU.ActiveCfg = Debug|Any CPU
		{BD596695-FF85-4CC5-9EE5-EF941FAF3FCB}.Debug|Any CPU.Build.0 = Debug|Any CPU
		{BD596695-FF85-4CC5-9EE5-EF941FAF3FCB}.Release|Any CPU.ActiveCfg = Release|Any CPU
		{BD596695-FF85-4CC5-9EE5-EF941FAF3FCB}.Release|Any CPU.Build.0 = Release|Any CPU
	EndGlobalSection
	GlobalSection(SolutionProperties) = preSolution
		HideSolutionNode = FALSE
	EndGlobalSection
	GlobalSection(ExtensibilityGlobals) = postSolution
		SolutionGuid = {CC6B21A3-0C5A-4DE9-8C0C-C76D5C474B6A}
	EndGlobalSection
EndGlobal
